// !$*UTF8*$!
{
	archiveVersion = 1;
	classes = {
	};
	objectVersion = 46;
	objects = {

/* Begin PBXAggregateTarget section */
		0C682649288E4D28AC9553EA /* alg2 */ = {
			isa = PBXAggregateTarget;
			buildConfigurationList = BEC6482AFEEE45948D1D4DA8 /* Build configuration list for PBXAggregateTarget "alg2" */;
			buildPhases = (
			);
			dependencies = (
				895A86497F2043C386DF635D /* PBXTargetDependency */,
				739B3E76CDE740719E274FFD /* PBXTargetDependency */,
				E1D7D37A68444BCBA90F7FB3 /* PBXTargetDependency */,
				66ABE156C764484B8B46B952 /* PBXTargetDependency */,
			);
			name = alg2;
			productName = alg2;
		};
		5BEAE2F211244421964CB687 /* ALL_BUILD */ = {
			isa = PBXAggregateTarget;
			buildConfigurationList = 34FC29A753384E4F8F1CDDD8 /* Build configuration list for PBXAggregateTarget "ALL_BUILD" */;
			buildPhases = (
				4CE918C3A2E819D36283B3A1 /* Generate CMakeFiles/ALL_BUILD */,
			);
			dependencies = (
				F9F663AC7AE9435BA680BACB /* PBXTargetDependency */,
				08BECBC87547463EA7AA900D /* PBXTargetDependency */,
			);
			name = ALL_BUILD;
			productName = ALL_BUILD;
		};
		BC926976E3804B0D80B849F7 /* install */ = {
			isa = PBXAggregateTarget;
			buildConfigurationList = F8BFAECB2C4E43CABB461D3C /* Build configuration list for PBXAggregateTarget "install" */;
			buildPhases = (
				93426DA6A4AC2C2AC9CE883C /* CMake PostBuild Rules */,
			);
			dependencies = (
				35C72FB79ECB4BCE99500566 /* PBXTargetDependency */,
			);
			name = install;
			productName = install;
		};
		C454D2D3CDA94A438789FFF4 /* ZERO_CHECK */ = {
			isa = PBXAggregateTarget;
			buildConfigurationList = 3EB2444F8AF24132B77C9774 /* Build configuration list for PBXAggregateTarget "ZERO_CHECK" */;
			buildPhases = (
				B5EA771336FCECE8F2C1D1C7 /* Generate CMakeFiles/ZERO_CHECK */,
			);
			dependencies = (
			);
			name = ZERO_CHECK;
			productName = ZERO_CHECK;
		};
/* End PBXAggregateTarget section */

/* Begin PBXBuildFile section */
		4E50D272E1F44BEB966EAA72 /* /Users/sakura/Desktop/cmakeprojects/alg2/examples/algebra.cpp */ = {isa = PBXBuildFile; fileRef = C648E0F2182D46E988933177 /* /Users/sakura/Desktop/cmakeprojects/alg2/examples/algebra.cpp */; };
		5BFC45BABB1A45F1B24EA487 /* /Users/sakura/Desktop/cmakeprojects/alg2/examples/CMakeLists.txt */ = {isa = PBXBuildFile; fileRef = 3BE9D2F7B1FA4486BE162E2E /* /Users/sakura/Desktop/cmakeprojects/alg2/examples/CMakeLists.txt */; };
		70E898BB56394F4C9B815C72 /* /Users/sakura/Desktop/cmakeprojects/alg2/examples/experimental.cpp */ = {isa = PBXBuildFile; fileRef = 7D8E238A99D34419AC3C9D24 /* /Users/sakura/Desktop/cmakeprojects/alg2/examples/experimental.cpp */; };
		8BAFA769CD694EE0BF19E06F /* /Users/sakura/Desktop/cmakeprojects/alg2/examples/CMakeLists.txt */ = {isa = PBXBuildFile; fileRef = DB545CA0A4424A358A63B626 /* /Users/sakura/Desktop/cmakeprojects/alg2/examples/CMakeLists.txt */; };
		D52E87704DB344CF9866C88F /* /Users/sakura/Desktop/cmakeprojects/alg2/examples/CMakeLists.txt */ = {isa = PBXBuildFile; fileRef = 7B2708A461014F939BA7677A /* /Users/sakura/Desktop/cmakeprojects/alg2/examples/CMakeLists.txt */; };
		EC46E563340A4B96A89D2DBB /* /Users/sakura/Desktop/cmakeprojects/alg2/examples/hypercomplex_number.cpp */ = {isa = PBXBuildFile; fileRef = 8EDE052740F0447B9FDD357E /* /Users/sakura/Desktop/cmakeprojects/alg2/examples/hypercomplex_number.cpp */; };
/* End PBXBuildFile section */

/* Begin PBXBuildStyle section */
		38DFDAC5C6DA441C9D25584E /* MinSizeRel */ = {
			isa = PBXBuildStyle;
			buildSettings = {
				COPY_PHASE_STRIP = NO;
			};
			name = MinSizeRel;
		};
		A1848FC69BFC4480B235937B /* Debug */ = {
			isa = PBXBuildStyle;
			buildSettings = {
				COPY_PHASE_STRIP = NO;
			};
			name = Debug;
		};
		AE640E0D050C4BD78DA7C8BB /* Release */ = {
			isa = PBXBuildStyle;
			buildSettings = {
				COPY_PHASE_STRIP = NO;
			};
			name = Release;
		};
		FFAC7F8DC85B4507BE5A9F52 /* RelWithDebInfo */ = {
			isa = PBXBuildStyle;
			buildSettings = {
				COPY_PHASE_STRIP = NO;
			};
			name = RelWithDebInfo;
		};
/* End PBXBuildStyle section */

/* Begin PBXContainerItemProxy section */
		0D74BC2DC6214E2586D3571B /* PBXContainerItemProxy */ = {
			isa = PBXContainerItemProxy;
			containerPortal = F62E63DF057A4415A33B4CBC /* Project object */;
			proxyType = 1;
			remoteGlobalIDString = DCF5557B2B1145BDA877F59B;
			remoteInfo = algebra;
		};
		28323D00AFA1467C902114BA /* PBXContainerItemProxy */ = {
			isa = PBXContainerItemProxy;
			containerPortal = F62E63DF057A4415A33B4CBC /* Project object */;
			proxyType = 1;
			remoteGlobalIDString = 5BEAE2F211244421964CB687;
			remoteInfo = ALL_BUILD;
		};
		3E59AF51A28A4F36BB8FC40C /* PBXContainerItemProxy */ = {
			isa = PBXContainerItemProxy;
			containerPortal = F62E63DF057A4415A33B4CBC /* Project object */;
			proxyType = 1;
			remoteGlobalIDString = 0C682649288E4D28AC9553EA;
			remoteInfo = alg2;
		};
		4F5E694F4D9247678E23F299 /* PBXContainerItemProxy */ = {
			isa = PBXContainerItemProxy;
			containerPortal = F62E63DF057A4415A33B4CBC /* Project object */;
			proxyType = 1;
			remoteGlobalIDString = C454D2D3CDA94A438789FFF4;
			remoteInfo = ZERO_CHECK;
		};
		57F7D82E18A04B4090FF918B /* PBXContainerItemProxy */ = {
			isa = PBXContainerItemProxy;
			containerPortal = F62E63DF057A4415A33B4CBC /* Project object */;
			proxyType = 1;
			remoteGlobalIDString = C454D2D3CDA94A438789FFF4;
			remoteInfo = ZERO_CHECK;
		};
		5EE1377A63364EA5944BD601 /* PBXContainerItemProxy */ = {
			isa = PBXContainerItemProxy;
			containerPortal = F62E63DF057A4415A33B4CBC /* Project object */;
			proxyType = 1;
			remoteGlobalIDString = C454D2D3CDA94A438789FFF4;
			remoteInfo = ZERO_CHECK;
		};
		A194C26C532C401EABBAACC4 /* PBXContainerItemProxy */ = {
			isa = PBXContainerItemProxy;
			containerPortal = F62E63DF057A4415A33B4CBC /* Project object */;
			proxyType = 1;
			remoteGlobalIDString = 34C148653F4049559518B194;
			remoteInfo = hypercomplex_number;
		};
		AAFAE0454786484FB8518A60 /* PBXContainerItemProxy */ = {
			isa = PBXContainerItemProxy;
			containerPortal = F62E63DF057A4415A33B4CBC /* Project object */;
			proxyType = 1;
			remoteGlobalIDString = ADFE769ABACA4FF6937AB803;
			remoteInfo = experimental;
		};
		D384C142885C446CB28500F9 /* PBXContainerItemProxy */ = {
			isa = PBXContainerItemProxy;
			containerPortal = F62E63DF057A4415A33B4CBC /* Project object */;
			proxyType = 1;
			remoteGlobalIDString = C454D2D3CDA94A438789FFF4;
			remoteInfo = ZERO_CHECK;
		};
		E67CFE4543114400B76CC4CC /* PBXContainerItemProxy */ = {
			isa = PBXContainerItemProxy;
			containerPortal = F62E63DF057A4415A33B4CBC /* Project object */;
			proxyType = 1;
			remoteGlobalIDString = C454D2D3CDA94A438789FFF4;
			remoteInfo = ZERO_CHECK;
		};
/* End PBXContainerItemProxy section */

/* Begin PBXFileReference section */
		03733A5223364342AB2F5AB0 /* /Users/sakura/Desktop/cmakeprojects/alg2/hdr/alg2/util/primitive.hpp */ = {isa = PBXFileReference; explicitFileType = sourcecode.cpp.h; fileEncoding = 4; name = primitive.hpp; path = hdr/alg2/util/primitive.hpp; sourceTree = SOURCE_ROOT; };
		07D8DF84CCF34E8092DF6D75 /* /Users/sakura/Desktop/cmakeprojects/alg2/hdr/alg2/details/alg/linear_container.hpp */ = {isa = PBXFileReference; explicitFileType = sourcecode.cpp.h; fileEncoding = 4; name = linear_container.hpp; path = hdr/alg2/details/alg/linear_container.hpp; sourceTree = SOURCE_ROOT; };
		0872B7C28A104169B66BF384 /* /Users/sakura/Desktop/cmakeprojects/alg2/hdr/alg2/vector.hpp */ = {isa = PBXFileReference; explicitFileType = sourcecode.cpp.h; fileEncoding = 4; name = vector.hpp; path = hdr/alg2/vector.hpp; sourceTree = SOURCE_ROOT; };
		0C7366D12C0542A2A7620A4B /* /Users/sakura/Desktop/cmakeprojects/alg2/hdr/alg2/quaternion.hpp */ = {isa = PBXFileReference; explicitFileType = sourcecode.cpp.h; fileEncoding = 4; name = quaternion.hpp; path = hdr/alg2/quaternion.hpp; sourceTree = SOURCE_ROOT; };
		0D5204297F7D428D949314C6 /* /Users/sakura/Desktop/cmakeprojects/alg2/hdr/alg2/matrix.hpp */ = {isa = PBXFileReference; explicitFileType = sourcecode.cpp.h; fileEncoding = 4; name = matrix.hpp; path = hdr/alg2/matrix.hpp; sourceTree = SOURCE_ROOT; };
		111C976C87984127ACBE3B85 /* /Users/sakura/Desktop/cmakeprojects/alg2/hdr/alg2/util/index_sequence.hpp */ = {isa = PBXFileReference; explicitFileType = sourcecode.cpp.h; fileEncoding = 4; name = index_sequence.hpp; path = hdr/alg2/util/index_sequence.hpp; sourceTree = SOURCE_ROOT; };
		12BFC9F9E20C470B97661C38 /* /Users/sakura/Desktop/cmakeprojects/alg2/hdr/alg2/io.hpp */ = {isa = PBXFileReference; explicitFileType = sourcecode.cpp.h; fileEncoding = 4; name = io.hpp; path = hdr/alg2/io.hpp; sourceTree = SOURCE_ROOT; };
		14BF83BDE01F4A5E8122F245 /* hypercomplex_number */ = {isa = PBXFileReference; explicitFileType = "compiled.mach-o.executable"; path = hypercomplex_number; sourceTree = BUILT_PRODUCTS_DIR; };
		1733422F953449C3B8F90214 /* /Users/sakura/Desktop/cmakeprojects/alg2/hdr/alg2/details/alg/euclidean_container.hpp */ = {isa = PBXFileReference; explicitFileType = sourcecode.cpp.h; fileEncoding = 4; name = euclidean_container.hpp; path = hdr/alg2/details/alg/euclidean_container.hpp; sourceTree = SOURCE_ROOT; };
		187394628B654F65B53F8D90 /* /Users/sakura/Desktop/cmakeprojects/alg2/hdr/alg2/details/hypercomplex/complex.hpp */ = {isa = PBXFileReference; explicitFileType = sourcecode.cpp.h; fileEncoding = 4; name = complex.hpp; path = hdr/alg2/details/hypercomplex/complex.hpp; sourceTree = SOURCE_ROOT; };
		19B1335B54BB41C19226F808 /* /Users/sakura/Desktop/cmakeprojects/alg2/hdr/alg2/details/hypercomplex/quaternion.hpp */ = {isa = PBXFileReference; explicitFileType = sourcecode.cpp.h; fileEncoding = 4; name = quaternion.hpp; path = hdr/alg2/details/hypercomplex/quaternion.hpp; sourceTree = SOURCE_ROOT; };
		3349D496367B47E48379AE26 /* algebra */ = {isa = PBXFileReference; explicitFileType = "compiled.mach-o.executable"; path = algebra; sourceTree = BUILT_PRODUCTS_DIR; };
		3B90EF354B584812A026AE7C /* /Users/sakura/Desktop/cmakeprojects/alg2/hdr/alg2/util/function.hpp */ = {isa = PBXFileReference; explicitFileType = sourcecode.cpp.h; fileEncoding = 4; name = function.hpp; path = hdr/alg2/util/function.hpp; sourceTree = SOURCE_ROOT; };
		3BE9D2F7B1FA4486BE162E2E /* /Users/sakura/Desktop/cmakeprojects/alg2/examples/CMakeLists.txt */ = {isa = PBXFileReference; explicitFileType = sourcecode.text; fileEncoding = 4; name = CMakeLists.txt; path = examples/CMakeLists.txt; sourceTree = SOURCE_ROOT; };
		48ECD812E1514DD69BDD0D68 /* /Users/sakura/Desktop/cmakeprojects/alg2/hdr/alg2/util/vector.hpp */ = {isa = PBXFileReference; explicitFileType = sourcecode.cpp.h; fileEncoding = 4; name = vector.hpp; path = hdr/alg2/util/vector.hpp; sourceTree = SOURCE_ROOT; };
		5144B0CAD6E84BE1A8D72783 /* /Users/sakura/Desktop/cmakeprojects/alg2/hdr/alg2/util/matrix.hpp */ = {isa = PBXFileReference; explicitFileType = sourcecode.cpp.h; fileEncoding = 4; name = matrix.hpp; path = hdr/alg2/util/matrix.hpp; sourceTree = SOURCE_ROOT; };
		5234EDD9832D4ABB84D5D80F /* /Users/sakura/Desktop/cmakeprojects/alg2/hdr/alg2/config/exception.hpp */ = {isa = PBXFileReference; explicitFileType = sourcecode.cpp.h; fileEncoding = 4; name = exception.hpp; path = hdr/alg2/config/exception.hpp; sourceTree = SOURCE_ROOT; };
		5628E4BB95CC49C49F2AAA7A /* /Users/sakura/Desktop/cmakeprojects/alg2/hdr/alg2/details/alg/container.hpp */ = {isa = PBXFileReference; explicitFileType = sourcecode.cpp.h; fileEncoding = 4; name = container.hpp; path = hdr/alg2/details/alg/container.hpp; sourceTree = SOURCE_ROOT; };
		57702743E22A4CF99A3B6145 /* /Users/sakura/Desktop/cmakeprojects/alg2/hdr/alg2/utility.hpp */ = {isa = PBXFileReference; explicitFileType = sourcecode.cpp.h; fileEncoding = 4; name = utility.hpp; path = hdr/alg2/utility.hpp; sourceTree = SOURCE_ROOT; };
		596065C8FFC64CB5973BA34F /* experimental */ = {isa = PBXFileReference; explicitFileType = "compiled.mach-o.executable"; path = experimental; sourceTree = BUILT_PRODUCTS_DIR; };
		615E5DF764EB486D9BDB7B31 /* /Users/sakura/Desktop/cmakeprojects/alg2/hdr/alg2/details/alg/vector.hpp */ = {isa = PBXFileReference; explicitFileType = sourcecode.cpp.h; fileEncoding = 4; name = vector.hpp; path = hdr/alg2/details/alg/vector.hpp; sourceTree = SOURCE_ROOT; };
		7B2708A461014F939BA7677A /* /Users/sakura/Desktop/cmakeprojects/alg2/examples/CMakeLists.txt */ = {isa = PBXFileReference; explicitFileType = sourcecode.text; fileEncoding = 4; name = CMakeLists.txt; path = examples/CMakeLists.txt; sourceTree = SOURCE_ROOT; };
		7D8E238A99D34419AC3C9D24 /* /Users/sakura/Desktop/cmakeprojects/alg2/examples/experimental.cpp */ = {isa = PBXFileReference; explicitFileType = sourcecode.cpp.cpp; fileEncoding = 4; name = experimental.cpp; path = examples/experimental.cpp; sourceTree = SOURCE_ROOT; };
		841769B417D64118B38C7527 /* /Users/sakura/Desktop/cmakeprojects/alg2/hdr/alg2/math.hpp */ = {isa = PBXFileReference; explicitFileType = sourcecode.cpp.h; fileEncoding = 4; name = math.hpp; path = hdr/alg2/math.hpp; sourceTree = SOURCE_ROOT; };
		848D1B69CFE74CE3A10C1AF6 /* /Users/sakura/Desktop/cmakeprojects/alg2/hdr/alg2/details/rational/rational.hpp */ = {isa = PBXFileReference; explicitFileType = sourcecode.cpp.h; fileEncoding = 4; name = rational.hpp; path = hdr/alg2/details/rational/rational.hpp; sourceTree = SOURCE_ROOT; };
		85484949710D4A238C413DE4 /* /Users/sakura/Desktop/cmakeprojects/alg2/hdr/alg2/util/conditional.hpp */ = {isa = PBXFileReference; explicitFileType = sourcecode.cpp.h; fileEncoding = 4; name = conditional.hpp; path = hdr/alg2/util/conditional.hpp; sourceTree = SOURCE_ROOT; };
		85974D177DB84767AA8CBAAE /* /Users/sakura/Desktop/cmakeprojects/alg2/hdr/alg2/util/operator.hpp */ = {isa = PBXFileReference; explicitFileType = sourcecode.cpp.h; fileEncoding = 4; name = operator.hpp; path = hdr/alg2/util/operator.hpp; sourceTree = SOURCE_ROOT; };
		8DAFE11B76D345F69C1C2711 /* /Users/sakura/Desktop/cmakeprojects/alg2/hdr/alg2/util/enable_if.hpp */ = {isa = PBXFileReference; explicitFileType = sourcecode.cpp.h; fileEncoding = 4; name = enable_if.hpp; path = hdr/alg2/util/enable_if.hpp; sourceTree = SOURCE_ROOT; };
		8EDE052740F0447B9FDD357E /* /Users/sakura/Desktop/cmakeprojects/alg2/examples/hypercomplex_number.cpp */ = {isa = PBXFileReference; explicitFileType = sourcecode.cpp.cpp; fileEncoding = 4; name = hypercomplex_number.cpp; path = examples/hypercomplex_number.cpp; sourceTree = SOURCE_ROOT; };
		9A231C3237FE4CE596DF3357 /* /Users/sakura/Desktop/cmakeprojects/alg2/hdr/alg2/rational.hpp */ = {isa = PBXFileReference; explicitFileType = sourcecode.cpp.h; fileEncoding = 4; name = rational.hpp; path = hdr/alg2/rational.hpp; sourceTree = SOURCE_ROOT; };
		9F1FC4149DAC4FD78DC4050C /* /Users/sakura/Desktop/cmakeprojects/alg2/hdr/alg2/details/math/sqrt.hpp */ = {isa = PBXFileReference; explicitFileType = sourcecode.cpp.h; fileEncoding = 4; name = sqrt.hpp; path = hdr/alg2/details/math/sqrt.hpp; sourceTree = SOURCE_ROOT; };
		A12C3D54B3FE4D91A7BE3D56 /* /Users/sakura/Desktop/cmakeprojects/alg2/hdr/alg2/complex.hpp */ = {isa = PBXFileReference; explicitFileType = sourcecode.cpp.h; fileEncoding = 4; name = complex.hpp; path = hdr/alg2/complex.hpp; sourceTree = SOURCE_ROOT; };
		A3671FC1487348B69EE94853 /* /Users/sakura/Desktop/cmakeprojects/alg2/hdr/alg2/util/composition.hpp */ = {isa = PBXFileReference; explicitFileType = sourcecode.cpp.h; fileEncoding = 4; name = composition.hpp; path = hdr/alg2/util/composition.hpp; sourceTree = SOURCE_ROOT; };
		A6A6D0A0A9CD4246AFFEAA30 /* /Users/sakura/Desktop/cmakeprojects/alg2/hdr/alg2/details/math/trig.hpp */ = {isa = PBXFileReference; explicitFileType = sourcecode.cpp.h; fileEncoding = 4; name = trig.hpp; path = hdr/alg2/details/math/trig.hpp; sourceTree = SOURCE_ROOT; };
		B1BFD73B3F79467BA5FC9722 /* /Users/sakura/Desktop/cmakeprojects/alg2/hdr/alg2/details/alg/matrix.hpp */ = {isa = PBXFileReference; explicitFileType = sourcecode.cpp.h; fileEncoding = 4; name = matrix.hpp; path = hdr/alg2/details/alg/matrix.hpp; sourceTree = SOURCE_ROOT; };
		B235E4DCFA71437A9EFBE0A0 /* /Users/sakura/Desktop/cmakeprojects/alg2/hdr/CMakeLists.txt */ = {isa = PBXFileReference; explicitFileType = sourcecode.text; fileEncoding = 4; name = CMakeLists.txt; path = hdr/CMakeLists.txt; sourceTree = SOURCE_ROOT; };
		B83FCAC00B90468791269719 /* /Users/sakura/Desktop/cmakeprojects/alg2/hdr/alg2/details/math/abs.hpp */ = {isa = PBXFileReference; explicitFileType = sourcecode.cpp.h; fileEncoding = 4; name = abs.hpp; path = hdr/alg2/details/math/abs.hpp; sourceTree = SOURCE_ROOT; };
		BC2BCEA33E59413FACB11852 /* /Users/sakura/Desktop/cmakeprojects/alg2/hdr/alg2/details/alg/linear_double_container.hpp */ = {isa = PBXFileReference; explicitFileType = sourcecode.cpp.h; fileEncoding = 4; name = linear_double_container.hpp; path = hdr/alg2/details/alg/linear_double_container.hpp; sourceTree = SOURCE_ROOT; };
		BD3F307241EE4E678CDD3000 /* /Users/sakura/Desktop/cmakeprojects/alg2/hdr/alg2/details/math/log.hpp */ = {isa = PBXFileReference; explicitFileType = sourcecode.cpp.h; fileEncoding = 4; name = log.hpp; path = hdr/alg2/details/math/log.hpp; sourceTree = SOURCE_ROOT; };
		C648E0F2182D46E988933177 /* /Users/sakura/Desktop/cmakeprojects/alg2/examples/algebra.cpp */ = {isa = PBXFileReference; explicitFileType = sourcecode.cpp.cpp; fileEncoding = 4; name = algebra.cpp; path = examples/algebra.cpp; sourceTree = SOURCE_ROOT; };
		DB545CA0A4424A358A63B626 /* /Users/sakura/Desktop/cmakeprojects/alg2/examples/CMakeLists.txt */ = {isa = PBXFileReference; explicitFileType = sourcecode.text; fileEncoding = 4; name = CMakeLists.txt; path = examples/CMakeLists.txt; sourceTree = SOURCE_ROOT; };
		E1EE4E235E5441D8BE032005 /* /Users/sakura/Desktop/cmakeprojects/alg2/hdr/alg2/util/constant.hpp */ = {isa = PBXFileReference; explicitFileType = sourcecode.cpp.h; fileEncoding = 4; name = constant.hpp; path = hdr/alg2/util/constant.hpp; sourceTree = SOURCE_ROOT; };
		FA620884BB63475EA982BAB0 /* /Users/sakura/Desktop/cmakeprojects/alg2/hdr/alg2/util/expression.hpp */ = {isa = PBXFileReference; explicitFileType = sourcecode.cpp.h; fileEncoding = 4; name = expression.hpp; path = hdr/alg2/util/expression.hpp; sourceTree = SOURCE_ROOT; };
		FEC5BB7294504AACB86E21E1 /* /Users/sakura/Desktop/cmakeprojects/alg2/CMakeLists.txt */ = {isa = PBXFileReference; explicitFileType = sourcecode.text; fileEncoding = 4; name = CMakeLists.txt; path = CMakeLists.txt; sourceTree = SOURCE_ROOT; };
		FEF9F17AB5104B9EB451827F /* /Users/sakura/Desktop/cmakeprojects/alg2/hdr/alg2/config/config.hpp */ = {isa = PBXFileReference; explicitFileType = sourcecode.cpp.h; fileEncoding = 4; name = config.hpp; path = hdr/alg2/config/config.hpp; sourceTree = SOURCE_ROOT; };
/* End PBXFileReference section */

/* Begin PBXFrameworksBuildPhase section */
		5834A1600D0B45F0AC58CC4F /* Frameworks */ = {
			isa = PBXFrameworksBuildPhase;
			buildActionMask = 2147483647;
			files = (
			);
			runOnlyForDeploymentPostprocessing = 0;
		};
		9D741182732C49898D616154 /* Frameworks */ = {
			isa = PBXFrameworksBuildPhase;
			buildActionMask = 2147483647;
			files = (
			);
			runOnlyForDeploymentPostprocessing = 0;
		};
		F264D7A1E58E4B8BAF46CA53 /* Frameworks */ = {
			isa = PBXFrameworksBuildPhase;
			buildActionMask = 2147483647;
			files = (
			);
			runOnlyForDeploymentPostprocessing = 0;
		};
/* End PBXFrameworksBuildPhase section */

/* Begin PBXGroup section */
		08BBEA65E89348E2B4EB7939 /* util */ = {
			isa = PBXGroup;
			children = (
				A3671FC1487348B69EE94853 /* /Users/sakura/Desktop/cmakeprojects/alg2/hdr/alg2/util/composition.hpp */,
				85484949710D4A238C413DE4 /* /Users/sakura/Desktop/cmakeprojects/alg2/hdr/alg2/util/conditional.hpp */,
				E1EE4E235E5441D8BE032005 /* /Users/sakura/Desktop/cmakeprojects/alg2/hdr/alg2/util/constant.hpp */,
				8DAFE11B76D345F69C1C2711 /* /Users/sakura/Desktop/cmakeprojects/alg2/hdr/alg2/util/enable_if.hpp */,
				FA620884BB63475EA982BAB0 /* /Users/sakura/Desktop/cmakeprojects/alg2/hdr/alg2/util/expression.hpp */,
				3B90EF354B584812A026AE7C /* /Users/sakura/Desktop/cmakeprojects/alg2/hdr/alg2/util/function.hpp */,
				111C976C87984127ACBE3B85 /* /Users/sakura/Desktop/cmakeprojects/alg2/hdr/alg2/util/index_sequence.hpp */,
				5144B0CAD6E84BE1A8D72783 /* /Users/sakura/Desktop/cmakeprojects/alg2/hdr/alg2/util/matrix.hpp */,
				85974D177DB84767AA8CBAAE /* /Users/sakura/Desktop/cmakeprojects/alg2/hdr/alg2/util/operator.hpp */,
				03733A5223364342AB2F5AB0 /* /Users/sakura/Desktop/cmakeprojects/alg2/hdr/alg2/util/primitive.hpp */,
				48ECD812E1514DD69BDD0D68 /* /Users/sakura/Desktop/cmakeprojects/alg2/hdr/alg2/util/vector.hpp */,
			);
			name = util;
			sourceTree = "<group>";
		};
		0AB8658B07F64FF9A18D8415 /* Source Files */ = {
			isa = PBXGroup;
			children = (
				7D8E238A99D34419AC3C9D24 /* /Users/sakura/Desktop/cmakeprojects/alg2/examples/experimental.cpp */,
			);
			name = "Source Files";
			sourceTree = "<group>";
		};
		14BC84D7B68440EAA8FA84BB /* ALL_BUILD */ = {
			isa = PBXGroup;
			children = (
				5B7D67B6203445B09BABAB32 /* CMake Rules */,
				FEC5BB7294504AACB86E21E1 /* /Users/sakura/Desktop/cmakeprojects/alg2/CMakeLists.txt */,
			);
			name = ALL_BUILD;
			sourceTree = "<group>";
		};
		1A05DD9936F74B088DB93656 /* rational */ = {
			isa = PBXGroup;
			children = (
				848D1B69CFE74CE3A10C1AF6 /* /Users/sakura/Desktop/cmakeprojects/alg2/hdr/alg2/details/rational/rational.hpp */,
			);
			name = rational;
			sourceTree = "<group>";
		};
		1D7ACAD1E44241769EFE624E /* config */ = {
			isa = PBXGroup;
			children = (
				FEF9F17AB5104B9EB451827F /* /Users/sakura/Desktop/cmakeprojects/alg2/hdr/alg2/config/config.hpp */,
				5234EDD9832D4ABB84D5D80F /* /Users/sakura/Desktop/cmakeprojects/alg2/hdr/alg2/config/exception.hpp */,
			);
			name = config;
			sourceTree = "<group>";
		};
		1E9320032F1D474A93843705 /* Source Files */ = {
			isa = PBXGroup;
			children = (
				C648E0F2182D46E988933177 /* /Users/sakura/Desktop/cmakeprojects/alg2/examples/algebra.cpp */,
			);
			name = "Source Files";
			sourceTree = "<group>";
		};
		3862E0989F7247939C74A307 /* alg2 */ = {
			isa = PBXGroup;
			children = (
				1D7ACAD1E44241769EFE624E /* config */,
				CA4E2AF4871047D3964DFBEA /* details */,
				08BBEA65E89348E2B4EB7939 /* util */,
				A12C3D54B3FE4D91A7BE3D56 /* /Users/sakura/Desktop/cmakeprojects/alg2/hdr/alg2/complex.hpp */,
				12BFC9F9E20C470B97661C38 /* /Users/sakura/Desktop/cmakeprojects/alg2/hdr/alg2/io.hpp */,
				841769B417D64118B38C7527 /* /Users/sakura/Desktop/cmakeprojects/alg2/hdr/alg2/math.hpp */,
				0D5204297F7D428D949314C6 /* /Users/sakura/Desktop/cmakeprojects/alg2/hdr/alg2/matrix.hpp */,
				0C7366D12C0542A2A7620A4B /* /Users/sakura/Desktop/cmakeprojects/alg2/hdr/alg2/quaternion.hpp */,
				9A231C3237FE4CE596DF3357 /* /Users/sakura/Desktop/cmakeprojects/alg2/hdr/alg2/rational.hpp */,
				57702743E22A4CF99A3B6145 /* /Users/sakura/Desktop/cmakeprojects/alg2/hdr/alg2/utility.hpp */,
				0872B7C28A104169B66BF384 /* /Users/sakura/Desktop/cmakeprojects/alg2/hdr/alg2/vector.hpp */,
			);
			name = alg2;
			sourceTree = "<group>";
		};
		3B410985F52C4821A1E29B55 /* alg */ = {
			isa = PBXGroup;
			children = (
				5628E4BB95CC49C49F2AAA7A /* /Users/sakura/Desktop/cmakeprojects/alg2/hdr/alg2/details/alg/container.hpp */,
				1733422F953449C3B8F90214 /* /Users/sakura/Desktop/cmakeprojects/alg2/hdr/alg2/details/alg/euclidean_container.hpp */,
				07D8DF84CCF34E8092DF6D75 /* /Users/sakura/Desktop/cmakeprojects/alg2/hdr/alg2/details/alg/linear_container.hpp */,
				BC2BCEA33E59413FACB11852 /* /Users/sakura/Desktop/cmakeprojects/alg2/hdr/alg2/details/alg/linear_double_container.hpp */,
				B1BFD73B3F79467BA5FC9722 /* /Users/sakura/Desktop/cmakeprojects/alg2/hdr/alg2/details/alg/matrix.hpp */,
				615E5DF764EB486D9BDB7B31 /* /Users/sakura/Desktop/cmakeprojects/alg2/hdr/alg2/details/alg/vector.hpp */,
			);
			name = alg;
			sourceTree = "<group>";
		};
		47F8122F5839492D9486F87F /* hypercomplex_number */ = {
			isa = PBXGroup;
			children = (
				EF39C21412174C51876E86E1 /* Source Files */,
				DB545CA0A4424A358A63B626 /* /Users/sakura/Desktop/cmakeprojects/alg2/examples/CMakeLists.txt */,
			);
			name = hypercomplex_number;
			sourceTree = "<group>";
		};
		4B91EFE488514FB3A01D493F /* Products */ = {
			isa = PBXGroup;
			children = (
				3349D496367B47E48379AE26 /* algebra */,
				596065C8FFC64CB5973BA34F /* experimental */,
				14BF83BDE01F4A5E8122F245 /* hypercomplex_number */,
			);
			name = Products;
			sourceTree = "<group>";
		};
		5B7D67B6203445B09BABAB32 /* CMake Rules */ = {
			isa = PBXGroup;
			children = (
			);
			name = "CMake Rules";
			sourceTree = "<group>";
		};
		5EEEB1B79222471BB82FE0C8 /* hypercomplex */ = {
			isa = PBXGroup;
			children = (
				187394628B654F65B53F8D90 /* /Users/sakura/Desktop/cmakeprojects/alg2/hdr/alg2/details/hypercomplex/complex.hpp */,
				19B1335B54BB41C19226F808 /* /Users/sakura/Desktop/cmakeprojects/alg2/hdr/alg2/details/hypercomplex/quaternion.hpp */,
			);
			name = hypercomplex;
			sourceTree = "<group>";
		};
		6EA0302F32D0457B99E80138 /* alg2 */ = {
			isa = PBXGroup;
			children = (
				3862E0989F7247939C74A307 /* alg2 */,
				B235E4DCFA71437A9EFBE0A0 /* /Users/sakura/Desktop/cmakeprojects/alg2/hdr/CMakeLists.txt */,
			);
			name = alg2;
			sourceTree = "<group>";
		};
		7682600486A847AD8D6F4EFE = {
			isa = PBXGroup;
			children = (
				14BC84D7B68440EAA8FA84BB /* ALL_BUILD */,
				6EA0302F32D0457B99E80138 /* alg2 */,
				AC923D13B75A41369BFD6A2D /* algebra */,
				F8CF27283E8C489088A46251 /* experimental */,
				47F8122F5839492D9486F87F /* hypercomplex_number */,
				4B91EFE488514FB3A01D493F /* Products */,
				B6B287A3720240ABA9C24C04 /* Frameworks */,
			);
			sourceTree = "<group>";
		};
		AC923D13B75A41369BFD6A2D /* algebra */ = {
			isa = PBXGroup;
			children = (
				1E9320032F1D474A93843705 /* Source Files */,
				3BE9D2F7B1FA4486BE162E2E /* /Users/sakura/Desktop/cmakeprojects/alg2/examples/CMakeLists.txt */,
			);
			name = algebra;
			sourceTree = "<group>";
		};
		B6B287A3720240ABA9C24C04 /* Frameworks */ = {
			isa = PBXGroup;
			children = (
			);
			name = Frameworks;
			sourceTree = "<group>";
		};
		CA4E2AF4871047D3964DFBEA /* details */ = {
			isa = PBXGroup;
			children = (
				3B410985F52C4821A1E29B55 /* alg */,
				5EEEB1B79222471BB82FE0C8 /* hypercomplex */,
				FFB8C7271E9545949D03709C /* math */,
				1A05DD9936F74B088DB93656 /* rational */,
			);
			name = details;
			sourceTree = "<group>";
		};
		EF39C21412174C51876E86E1 /* Source Files */ = {
			isa = PBXGroup;
			children = (
				8EDE052740F0447B9FDD357E /* /Users/sakura/Desktop/cmakeprojects/alg2/examples/hypercomplex_number.cpp */,
			);
			name = "Source Files";
			sourceTree = "<group>";
		};
		F8CF27283E8C489088A46251 /* experimental */ = {
			isa = PBXGroup;
			children = (
				0AB8658B07F64FF9A18D8415 /* Source Files */,
				7B2708A461014F939BA7677A /* /Users/sakura/Desktop/cmakeprojects/alg2/examples/CMakeLists.txt */,
			);
			name = experimental;
			sourceTree = "<group>";
		};
		FFB8C7271E9545949D03709C /* math */ = {
			isa = PBXGroup;
			children = (
				B83FCAC00B90468791269719 /* /Users/sakura/Desktop/cmakeprojects/alg2/hdr/alg2/details/math/abs.hpp */,
				BD3F307241EE4E678CDD3000 /* /Users/sakura/Desktop/cmakeprojects/alg2/hdr/alg2/details/math/log.hpp */,
				9F1FC4149DAC4FD78DC4050C /* /Users/sakura/Desktop/cmakeprojects/alg2/hdr/alg2/details/math/sqrt.hpp */,
				A6A6D0A0A9CD4246AFFEAA30 /* /Users/sakura/Desktop/cmakeprojects/alg2/hdr/alg2/details/math/trig.hpp */,
			);
			name = math;
			sourceTree = "<group>";
		};
/* End PBXGroup section */

/* Begin PBXNativeTarget section */
		34C148653F4049559518B194 /* hypercomplex_number */ = {
			isa = PBXNativeTarget;
			buildConfigurationList = BB6A5C329CA744E6AE0F3444 /* Build configuration list for PBXNativeTarget "hypercomplex_number" */;
			buildPhases = (
				DFB9A902441546198F4CC69A /* Sources */,
				9D741182732C49898D616154 /* Frameworks */,
			);
			buildRules = (
			);
			dependencies = (
				74D34CACBA2545678B950066 /* PBXTargetDependency */,
			);
			name = hypercomplex_number;
			productName = hypercomplex_number;
			productReference = 14BF83BDE01F4A5E8122F245 /* hypercomplex_number */;
			productType = "com.apple.product-type.tool";
		};
		ADFE769ABACA4FF6937AB803 /* experimental */ = {
			isa = PBXNativeTarget;
			buildConfigurationList = 07673F758BF04AEEA1A540EB /* Build configuration list for PBXNativeTarget "experimental" */;
			buildPhases = (
				647F63F4741743D380B0CFC0 /* Sources */,
				F264D7A1E58E4B8BAF46CA53 /* Frameworks */,
			);
			buildRules = (
			);
			dependencies = (
				BE339AB755F041F3B4499B1D /* PBXTargetDependency */,
			);
			name = experimental;
			productName = experimental;
			productReference = 596065C8FFC64CB5973BA34F /* experimental */;
			productType = "com.apple.product-type.tool";
		};
		DCF5557B2B1145BDA877F59B /* algebra */ = {
			isa = PBXNativeTarget;
			buildConfigurationList = 7071A6D10DBA450AA40DBBF6 /* Build configuration list for PBXNativeTarget "algebra" */;
			buildPhases = (
				1689746DAA47479FAFB44767 /* Sources */,
				5834A1600D0B45F0AC58CC4F /* Frameworks */,
			);
			buildRules = (
			);
			dependencies = (
				D7AEAC704211434585F09D25 /* PBXTargetDependency */,
			);
			name = algebra;
			productName = algebra;
			productReference = 3349D496367B47E48379AE26 /* algebra */;
			productType = "com.apple.product-type.tool";
		};
/* End PBXNativeTarget section */

/* Begin PBXProject section */
		F62E63DF057A4415A33B4CBC /* Project object */ = {
			isa = PBXProject;
			attributes = {
				BuildIndependentTargetsInParallel = YES;
				LastUpgradeCheck = 1430;
			};
			buildConfigurationList = 2DA1958704154742B93911A5 /* Build configuration list for PBXProject "alg2" */;
			buildSettings = {
			};
			buildStyles = (
				A1848FC69BFC4480B235937B /* Debug */,
				AE640E0D050C4BD78DA7C8BB /* Release */,
				38DFDAC5C6DA441C9D25584E /* MinSizeRel */,
				FFAC7F8DC85B4507BE5A9F52 /* RelWithDebInfo */,
			);
			compatibilityVersion = "Xcode 3.2";
			hasScannedForEncodings = 0;
			mainGroup = 7682600486A847AD8D6F4EFE;
			projectDirPath = /Users/sakura/Desktop/cmakeprojects/alg2;
			projectRoot = "";
			targets = (
				5BEAE2F211244421964CB687 /* ALL_BUILD */,
				C454D2D3CDA94A438789FFF4 /* ZERO_CHECK */,
				0C682649288E4D28AC9553EA /* alg2 */,
				DCF5557B2B1145BDA877F59B /* algebra */,
				ADFE769ABACA4FF6937AB803 /* experimental */,
				34C148653F4049559518B194 /* hypercomplex_number */,
				BC926976E3804B0D80B849F7 /* install */,
			);
		};
/* End PBXProject section */

/* Begin PBXShellScriptBuildPhase section */
		3C0110FC8322DE7E50886E21 = {
			isa = PBXShellScriptBuildPhase;
			buildActionMask = 2147483647;
			files = (
			);
			inputPaths = (
			);
			outputPaths = (
			);
			runOnlyForDeploymentPostprocessing = 0;
			shellPath = /bin/sh;
			shellScript = "# shell script goes here
exit 0";
			showEnvVarsInLog = 0;
		};
		4CE918C3A2E819D36283B3A1 /* Generate CMakeFiles/ALL_BUILD */ = {
			isa = PBXShellScriptBuildPhase;
			alwaysOutOfDate = 1;
			buildActionMask = 2147483647;
			files = (
			);
			inputPaths = (
			);
			name = "Generate CMakeFiles/ALL_BUILD";
			outputPaths = (
/Users/sakura/Desktop/cmakeprojects/alg2/buildm1xcode/CMakeFiles/ALL_BUILD			);
			runOnlyForDeploymentPostprocessing = 0;
			shellPath = /bin/sh;
			shellScript = "set -e
if test \"$CONFIGURATION\" = \"Debug\"; then :
  cd /Users/sakura/Desktop/cmakeprojects/alg2/buildm1xcode
  echo Build\\ all\\ projects
fi
if test \"$CONFIGURATION\" = \"Release\"; then :
  cd /Users/sakura/Desktop/cmakeprojects/alg2/buildm1xcode
  echo Build\\ all\\ projects
fi
if test \"$CONFIGURATION\" = \"MinSizeRel\"; then :
  cd /Users/sakura/Desktop/cmakeprojects/alg2/buildm1xcode
  echo Build\\ all\\ projects
fi
if test \"$CONFIGURATION\" = \"RelWithDebInfo\"; then :
  cd /Users/sakura/Desktop/cmakeprojects/alg2/buildm1xcode
  echo Build\\ all\\ projects
fi
";
			showEnvVarsInLog = 0;
		};
		87AF4882E018677E2624B544 = {
			isa = PBXShellScriptBuildPhase;
			buildActionMask = 2147483647;
			files = (
			);
			inputPaths = (
			);
			outputPaths = (
			);
			runOnlyForDeploymentPostprocessing = 0;
			shellPath = /bin/sh;
			shellScript = "# shell script goes here
exit 0";
			showEnvVarsInLog = 0;
		};
		93426DA6A4AC2C2AC9CE883C /* CMake PostBuild Rules */ = {
			isa = PBXShellScriptBuildPhase;
			alwaysOutOfDate = 1;
			buildActionMask = 2147483647;
			files = (
			);
			name = "CMake PostBuild Rules";
			outputPaths = (
			);
			runOnlyForDeploymentPostprocessing = 0;
			shellPath = /bin/sh;
			shellScript = "set -e
if test \"$CONFIGURATION\" = \"Debug\"; then :
  cd /Users/sakura/Desktop/cmakeprojects/alg2/buildm1xcode
  /opt/brew-m1/Cellar/cmake/3.27.5/bin/cmake -DBUILD_TYPE=$CONFIGURATION$EFFECTIVE_PLATFORM_NAME -P cmake_install.cmake
fi
if test \"$CONFIGURATION\" = \"Release\"; then :
  cd /Users/sakura/Desktop/cmakeprojects/alg2/buildm1xcode
  /opt/brew-m1/Cellar/cmake/3.27.5/bin/cmake -DBUILD_TYPE=$CONFIGURATION$EFFECTIVE_PLATFORM_NAME -P cmake_install.cmake
fi
if test \"$CONFIGURATION\" = \"MinSizeRel\"; then :
  cd /Users/sakura/Desktop/cmakeprojects/alg2/buildm1xcode
  /opt/brew-m1/Cellar/cmake/3.27.5/bin/cmake -DBUILD_TYPE=$CONFIGURATION$EFFECTIVE_PLATFORM_NAME -P cmake_install.cmake
fi
if test \"$CONFIGURATION\" = \"RelWithDebInfo\"; then :
  cd /Users/sakura/Desktop/cmakeprojects/alg2/buildm1xcode
  /opt/brew-m1/Cellar/cmake/3.27.5/bin/cmake -DBUILD_TYPE=$CONFIGURATION$EFFECTIVE_PLATFORM_NAME -P cmake_install.cmake
fi
";
			showEnvVarsInLog = 0;
		};
		9B50530E35CC49C82C2FACCF = {
			isa = PBXShellScriptBuildPhase;
			buildActionMask = 2147483647;
			files = (
			);
			inputPaths = (
			);
			outputPaths = (
			);
			runOnlyForDeploymentPostprocessing = 0;
			shellPath = /bin/sh;
			shellScript = "# shell script goes here
exit 0";
			showEnvVarsInLog = 0;
		};
		B5EA771336FCECE8F2C1D1C7 /* Generate CMakeFiles/ZERO_CHECK */ = {
			isa = PBXShellScriptBuildPhase;
			alwaysOutOfDate = 1;
			buildActionMask = 2147483647;
			files = (
			);
			inputPaths = (
			);
			name = "Generate CMakeFiles/ZERO_CHECK";
			outputPaths = (
/Users/sakura/Desktop/cmakeprojects/alg2/buildm1xcode/CMakeFiles/ZERO_CHECK			);
			runOnlyForDeploymentPostprocessing = 0;
			shellPath = /bin/sh;
			shellScript = "set -e
if test \"$CONFIGURATION\" = \"Debug\"; then :
  cd /Users/sakura/Desktop/cmakeprojects/alg2/buildm1xcode
  make -f /Users/sakura/Desktop/cmakeprojects/alg2/buildm1xcode/CMakeScripts/ReRunCMake.make
fi
if test \"$CONFIGURATION\" = \"Release\"; then :
  cd /Users/sakura/Desktop/cmakeprojects/alg2/buildm1xcode
  make -f /Users/sakura/Desktop/cmakeprojects/alg2/buildm1xcode/CMakeScripts/ReRunCMake.make
fi
if test \"$CONFIGURATION\" = \"MinSizeRel\"; then :
  cd /Users/sakura/Desktop/cmakeprojects/alg2/buildm1xcode
  make -f /Users/sakura/Desktop/cmakeprojects/alg2/buildm1xcode/CMakeScripts/ReRunCMake.make
fi
if test \"$CONFIGURATION\" = \"RelWithDebInfo\"; then :
  cd /Users/sakura/Desktop/cmakeprojects/alg2/buildm1xcode
  make -f /Users/sakura/Desktop/cmakeprojects/alg2/buildm1xcode/CMakeScripts/ReRunCMake.make
fi
";
			showEnvVarsInLog = 0;
		};
		C7F9A5C563F527424F030128 = {
			isa = PBXShellScriptBuildPhase;
			buildActionMask = 2147483647;
			files = (
			);
			inputPaths = (
			);
			outputPaths = (
			);
			runOnlyForDeploymentPostprocessing = 0;
			shellPath = /bin/sh;
			shellScript = "# shell script goes here
exit 0";
			showEnvVarsInLog = 0;
		};
/* End PBXShellScriptBuildPhase section */

/* Begin PBXSourcesBuildPhase section */
		1689746DAA47479FAFB44767 /* Sources */ = {
			isa = PBXSourcesBuildPhase;
			buildActionMask = 2147483647;
			files = (
				4E50D272E1F44BEB966EAA72 /* /Users/sakura/Desktop/cmakeprojects/alg2/examples/algebra.cpp */,
			);
			runOnlyForDeploymentPostprocessing = 0;
		};
		647F63F4741743D380B0CFC0 /* Sources */ = {
			isa = PBXSourcesBuildPhase;
			buildActionMask = 2147483647;
			files = (
				70E898BB56394F4C9B815C72 /* /Users/sakura/Desktop/cmakeprojects/alg2/examples/experimental.cpp */,
			);
			runOnlyForDeploymentPostprocessing = 0;
		};
		DFB9A902441546198F4CC69A /* Sources */ = {
			isa = PBXSourcesBuildPhase;
			buildActionMask = 2147483647;
			files = (
				EC46E563340A4B96A89D2DBB /* /Users/sakura/Desktop/cmakeprojects/alg2/examples/hypercomplex_number.cpp */,
			);
			runOnlyForDeploymentPostprocessing = 0;
		};
/* End PBXSourcesBuildPhase section */

/* Begin PBXTargetDependency section */
		08BECBC87547463EA7AA900D /* PBXTargetDependency */ = {
			isa = PBXTargetDependency;
			target = C454D2D3CDA94A438789FFF4 /* ZERO_CHECK */;
			targetProxy = 57F7D82E18A04B4090FF918B /* PBXContainerItemProxy */;
		};
		35C72FB79ECB4BCE99500566 /* PBXTargetDependency */ = {
			isa = PBXTargetDependency;
			target = 5BEAE2F211244421964CB687 /* ALL_BUILD */;
			targetProxy = 28323D00AFA1467C902114BA /* PBXContainerItemProxy */;
		};
		66ABE156C764484B8B46B952 /* PBXTargetDependency */ = {
			isa = PBXTargetDependency;
			target = C454D2D3CDA94A438789FFF4 /* ZERO_CHECK */;
			targetProxy = 5EE1377A63364EA5944BD601 /* PBXContainerItemProxy */;
		};
		739B3E76CDE740719E274FFD /* PBXTargetDependency */ = {
			isa = PBXTargetDependency;
			target = ADFE769ABACA4FF6937AB803 /* experimental */;
			targetProxy = AAFAE0454786484FB8518A60 /* PBXContainerItemProxy */;
		};
		74D34CACBA2545678B950066 /* PBXTargetDependency */ = {
			isa = PBXTargetDependency;
			target = C454D2D3CDA94A438789FFF4 /* ZERO_CHECK */;
			targetProxy = E67CFE4543114400B76CC4CC /* PBXContainerItemProxy */;
		};
		895A86497F2043C386DF635D /* PBXTargetDependency */ = {
			isa = PBXTargetDependency;
			target = DCF5557B2B1145BDA877F59B /* algebra */;
			targetProxy = 0D74BC2DC6214E2586D3571B /* PBXContainerItemProxy */;
		};
		BE339AB755F041F3B4499B1D /* PBXTargetDependency */ = {
			isa = PBXTargetDependency;
			target = C454D2D3CDA94A438789FFF4 /* ZERO_CHECK */;
			targetProxy = 4F5E694F4D9247678E23F299 /* PBXContainerItemProxy */;
		};
		D7AEAC704211434585F09D25 /* PBXTargetDependency */ = {
			isa = PBXTargetDependency;
			target = C454D2D3CDA94A438789FFF4 /* ZERO_CHECK */;
			targetProxy = D384C142885C446CB28500F9 /* PBXContainerItemProxy */;
		};
		E1D7D37A68444BCBA90F7FB3 /* PBXTargetDependency */ = {
			isa = PBXTargetDependency;
			target = 34C148653F4049559518B194 /* hypercomplex_number */;
			targetProxy = A194C26C532C401EABBAACC4 /* PBXContainerItemProxy */;
		};
		F9F663AC7AE9435BA680BACB /* PBXTargetDependency */ = {
			isa = PBXTargetDependency;
			target = 0C682649288E4D28AC9553EA /* alg2 */;
			targetProxy = 3E59AF51A28A4F36BB8FC40C /* PBXContainerItemProxy */;
		};
/* End PBXTargetDependency section */

/* Begin XCBuildConfiguration section */
		11F36824F1DE4AA984109A44 /* Debug */ = {
			isa = XCBuildConfiguration;
			buildSettings = {
				ALWAYS_SEARCH_USER_PATHS = NO;
				ARCHS = arm64;
				COMBINE_HIDPI_IMAGES = YES;
				GCC_GENERATE_DEBUGGING_SYMBOLS = YES;
				GCC_INLINES_ARE_PRIVATE_EXTERN = NO;
				GCC_OPTIMIZATION_LEVEL = 0;
				GCC_PREPROCESSOR_DEFINITIONS = ("'CMAKE_INTDIR=\"$(CONFIGURATION)$(EFFECTIVE_PLATFORM_NAME)\"'","$(inherited)");
				GCC_SYMBOLS_PRIVATE_EXTERN = NO;
				INSTALL_PATH = "";
				ONLY_ACTIVE_ARCH = NO;
				OTHER_LDFLAGS = ("","$(inherited)");
				OTHER_REZFLAGS = "";
				PRODUCT_NAME = install;
				SECTORDER_FLAGS = "";
				USE_HEADERMAP = NO;
				WARNING_CFLAGS = ("$(inherited)");
			};
			name = Debug;
		};
		1E1FD236A4C4422FBD2D3A08 /* MinSizeRel */ = {
			isa = XCBuildConfiguration;
			buildSettings = {
				ARCHS = arm64;
				SDKROOT = /Applications/Xcode.app/Contents/Developer/Platforms/MacOSX.platform/Developer/SDKs/MacOSX13.3.sdk;
				SWIFT_COMPILATION_MODE = wholemodule;
				SYMROOT = /Users/sakura/Desktop/cmakeprojects/alg2/buildm1xcode/build;
			};
			name = MinSizeRel;
		};
		1FD684D14EA74B45A6E86A04 /* Debug */ = {
			isa = XCBuildConfiguration;
			buildSettings = {
				ALWAYS_SEARCH_USER_PATHS = NO;
				ARCHS = arm64;
				COMBINE_HIDPI_IMAGES = YES;
				GCC_GENERATE_DEBUGGING_SYMBOLS = YES;
				GCC_INLINES_ARE_PRIVATE_EXTERN = NO;
				GCC_OPTIMIZATION_LEVEL = 0;
				GCC_PREPROCESSOR_DEFINITIONS = ("'CMAKE_INTDIR=\"$(CONFIGURATION)$(EFFECTIVE_PLATFORM_NAME)\"'","$(inherited)");
				GCC_SYMBOLS_PRIVATE_EXTERN = NO;
				INSTALL_PATH = "";
				ONLY_ACTIVE_ARCH = NO;
				OTHER_LDFLAGS = ("","$(inherited)");
				OTHER_REZFLAGS = "";
				PRODUCT_NAME = ALL_BUILD;
				SECTORDER_FLAGS = "";
				USE_HEADERMAP = NO;
				WARNING_CFLAGS = ("$(inherited)");
			};
			name = Debug;
		};
		26C6F3606E7F47D6A5267670 /* Release */ = {
			isa = XCBuildConfiguration;
			buildSettings = {
				ALWAYS_SEARCH_USER_PATHS = NO;
				ARCHS = arm64;
				COMBINE_HIDPI_IMAGES = YES;
				CONFIGURATION_BUILD_DIR = /Users/sakura/Desktop/cmakeprojects/alg2/buildm1xcode/examples/Release;
				EXECUTABLE_PREFIX = "";
				EXECUTABLE_SUFFIX = "";
				GCC_GENERATE_DEBUGGING_SYMBOLS = NO;
				GCC_INLINES_ARE_PRIVATE_EXTERN = NO;
				GCC_OPTIMIZATION_LEVEL = 3;
				GCC_PREPROCESSOR_DEFINITIONS = ("'CMAKE_INTDIR=\"$(CONFIGURATION)$(EFFECTIVE_PLATFORM_NAME)\"'","$(inherited)");
				GCC_SYMBOLS_PRIVATE_EXTERN = NO;
				HEADER_SEARCH_PATHS = (/Users/sakura/Desktop/cmakeprojects/alg2/hdr,"$(inherited)");
				INSTALL_PATH = "";
				ONLY_ACTIVE_ARCH = NO;
				OTHER_CPLUSPLUSFLAGS = "    -DNDEBUG '-std=gnu++17' ";
				OTHER_LDFLAGS = (" -Wl,-search_paths_first -Wl,-headerpad_max_install_names","$(inherited)");
				OTHER_REZFLAGS = "";
				PRODUCT_NAME = experimental;
				SECTORDER_FLAGS = "";
				TARGET_TEMP_DIR = "/Users/sakura/Desktop/cmakeprojects/alg2/buildm1xcode/build/experimental.build/$(CONFIGURATION)$(EFFECTIVE_PLATFORM_NAME)";
				USE_HEADERMAP = NO;
				WARNING_CFLAGS = ("$(inherited)");
			};
			name = Release;
		};
		2824BC1527674E83B68FD847 /* Release */ = {
			isa = XCBuildConfiguration;
			buildSettings = {
				ALWAYS_SEARCH_USER_PATHS = NO;
				ARCHS = arm64;
				COMBINE_HIDPI_IMAGES = YES;
				CONFIGURATION_BUILD_DIR = /Users/sakura/Desktop/cmakeprojects/alg2/buildm1xcode/examples/Release;
				EXECUTABLE_PREFIX = "";
				EXECUTABLE_SUFFIX = "";
				GCC_GENERATE_DEBUGGING_SYMBOLS = NO;
				GCC_INLINES_ARE_PRIVATE_EXTERN = NO;
				GCC_OPTIMIZATION_LEVEL = 3;
				GCC_PREPROCESSOR_DEFINITIONS = ("'CMAKE_INTDIR=\"$(CONFIGURATION)$(EFFECTIVE_PLATFORM_NAME)\"'","$(inherited)");
				GCC_SYMBOLS_PRIVATE_EXTERN = NO;
				HEADER_SEARCH_PATHS = (/Users/sakura/Desktop/cmakeprojects/alg2/hdr,"$(inherited)");
				INSTALL_PATH = "";
				ONLY_ACTIVE_ARCH = NO;
				OTHER_CPLUSPLUSFLAGS = "    -DNDEBUG '-std=gnu++17' ";
				OTHER_LDFLAGS = (" -Wl,-search_paths_first -Wl,-headerpad_max_install_names","$(inherited)");
				OTHER_REZFLAGS = "";
				PRODUCT_NAME = hypercomplex_number;
				SECTORDER_FLAGS = "";
				TARGET_TEMP_DIR = "/Users/sakura/Desktop/cmakeprojects/alg2/buildm1xcode/build/hypercomplex_number.build/$(CONFIGURATION)$(EFFECTIVE_PLATFORM_NAME)";
				USE_HEADERMAP = NO;
				WARNING_CFLAGS = ("$(inherited)");
			};
			name = Release;
		};
		2B4BAD77E1E34FF2B84C2C4F /* Release */ = {
			isa = XCBuildConfiguration;
			buildSettings = {
				ALWAYS_SEARCH_USER_PATHS = NO;
				ARCHS = arm64;
				COMBINE_HIDPI_IMAGES = YES;
				GCC_GENERATE_DEBUGGING_SYMBOLS = YES;
				GCC_INLINES_ARE_PRIVATE_EXTERN = NO;
				GCC_OPTIMIZATION_LEVEL = 0;
				GCC_PREPROCESSOR_DEFINITIONS = ("'CMAKE_INTDIR=\"$(CONFIGURATION)$(EFFECTIVE_PLATFORM_NAME)\"'","$(inherited)");
				GCC_SYMBOLS_PRIVATE_EXTERN = NO;
				INSTALL_PATH = "";
				ONLY_ACTIVE_ARCH = NO;
				OTHER_LDFLAGS = ("","$(inherited)");
				OTHER_REZFLAGS = "";
				PRODUCT_NAME = install;
				SECTORDER_FLAGS = "";
				USE_HEADERMAP = NO;
				WARNING_CFLAGS = ("$(inherited)");
			};
			name = Release;
		};
		3B95713FA1FC4CECA2632815 /* MinSizeRel */ = {
			isa = XCBuildConfiguration;
			buildSettings = {
				ALWAYS_SEARCH_USER_PATHS = NO;
				ARCHS = arm64;
				COMBINE_HIDPI_IMAGES = YES;
				GCC_GENERATE_DEBUGGING_SYMBOLS = YES;
				GCC_INLINES_ARE_PRIVATE_EXTERN = NO;
				GCC_OPTIMIZATION_LEVEL = 0;
				GCC_PREPROCESSOR_DEFINITIONS = ("'CMAKE_INTDIR=\"$(CONFIGURATION)$(EFFECTIVE_PLATFORM_NAME)\"'","$(inherited)");
				GCC_SYMBOLS_PRIVATE_EXTERN = NO;
				INSTALL_PATH = "";
				ONLY_ACTIVE_ARCH = NO;
				OTHER_LDFLAGS = ("","$(inherited)");
				OTHER_REZFLAGS = "";
				PRODUCT_NAME = install;
				SECTORDER_FLAGS = "";
				USE_HEADERMAP = NO;
				WARNING_CFLAGS = ("$(inherited)");
			};
			name = MinSizeRel;
		};
		3FC5C912096D42768B156A47 /* MinSizeRel */ = {
			isa = XCBuildConfiguration;
			buildSettings = {
				ALWAYS_SEARCH_USER_PATHS = NO;
				ARCHS = arm64;
				COMBINE_HIDPI_IMAGES = YES;
				GCC_GENERATE_DEBUGGING_SYMBOLS = YES;
				GCC_INLINES_ARE_PRIVATE_EXTERN = NO;
				GCC_OPTIMIZATION_LEVEL = 0;
				GCC_PREPROCESSOR_DEFINITIONS = ("'CMAKE_INTDIR=\"$(CONFIGURATION)$(EFFECTIVE_PLATFORM_NAME)\"'","$(inherited)");
				GCC_SYMBOLS_PRIVATE_EXTERN = NO;
				INSTALL_PATH = "";
				ONLY_ACTIVE_ARCH = NO;
				OTHER_LDFLAGS = ("","$(inherited)");
				OTHER_REZFLAGS = "";
				PRODUCT_NAME = alg2;
				SECTORDER_FLAGS = "";
				USE_HEADERMAP = NO;
				WARNING_CFLAGS = ("$(inherited)");
			};
			name = MinSizeRel;
		};
		45CC325FC60E4F8AB6FE717B /* MinSizeRel */ = {
			isa = XCBuildConfiguration;
			buildSettings = {
				ALWAYS_SEARCH_USER_PATHS = NO;
				ARCHS = arm64;
				COMBINE_HIDPI_IMAGES = YES;
				CONFIGURATION_BUILD_DIR = /Users/sakura/Desktop/cmakeprojects/alg2/buildm1xcode/examples/MinSizeRel;
				EXECUTABLE_PREFIX = "";
				EXECUTABLE_SUFFIX = "";
				GCC_GENERATE_DEBUGGING_SYMBOLS = NO;
				GCC_INLINES_ARE_PRIVATE_EXTERN = NO;
				GCC_OPTIMIZATION_LEVEL = s;
				GCC_PREPROCESSOR_DEFINITIONS = ("'CMAKE_INTDIR=\"$(CONFIGURATION)$(EFFECTIVE_PLATFORM_NAME)\"'","$(inherited)");
				GCC_SYMBOLS_PRIVATE_EXTERN = NO;
				HEADER_SEARCH_PATHS = (/Users/sakura/Desktop/cmakeprojects/alg2/hdr,"$(inherited)");
				INSTALL_PATH = "";
				ONLY_ACTIVE_ARCH = NO;
				OTHER_CPLUSPLUSFLAGS = "    -DNDEBUG '-std=gnu++17' ";
				OTHER_LDFLAGS = (" -Wl,-search_paths_first -Wl,-headerpad_max_install_names","$(inherited)");
				OTHER_REZFLAGS = "";
				PRODUCT_NAME = algebra;
				SECTORDER_FLAGS = "";
				TARGET_TEMP_DIR = "/Users/sakura/Desktop/cmakeprojects/alg2/buildm1xcode/build/algebra.build/$(CONFIGURATION)$(EFFECTIVE_PLATFORM_NAME)";
				USE_HEADERMAP = NO;
				WARNING_CFLAGS = ("$(inherited)");
			};
			name = MinSizeRel;
		};
		4C70C58AC73E4B4B87EB5A7A /* RelWithDebInfo */ = {
			isa = XCBuildConfiguration;
			buildSettings = {
				ALWAYS_SEARCH_USER_PATHS = NO;
				ARCHS = arm64;
				COMBINE_HIDPI_IMAGES = YES;
				GCC_GENERATE_DEBUGGING_SYMBOLS = YES;
				GCC_INLINES_ARE_PRIVATE_EXTERN = NO;
				GCC_OPTIMIZATION_LEVEL = 0;
				GCC_PREPROCESSOR_DEFINITIONS = ("'CMAKE_INTDIR=\"$(CONFIGURATION)$(EFFECTIVE_PLATFORM_NAME)\"'","$(inherited)");
				GCC_SYMBOLS_PRIVATE_EXTERN = NO;
				INSTALL_PATH = "";
				ONLY_ACTIVE_ARCH = NO;
				OTHER_LDFLAGS = ("","$(inherited)");
				OTHER_REZFLAGS = "";
				PRODUCT_NAME = alg2;
				SECTORDER_FLAGS = "";
				USE_HEADERMAP = NO;
				WARNING_CFLAGS = ("$(inherited)");
			};
			name = RelWithDebInfo;
		};
		4D1C8B3C6D014F959E393D86 /* RelWithDebInfo */ = {
			isa = XCBuildConfiguration;
			buildSettings = {
				ALWAYS_SEARCH_USER_PATHS = NO;
				ARCHS = arm64;
				COMBINE_HIDPI_IMAGES = YES;
				GCC_GENERATE_DEBUGGING_SYMBOLS = YES;
				GCC_INLINES_ARE_PRIVATE_EXTERN = NO;
				GCC_OPTIMIZATION_LEVEL = 0;
				GCC_PREPROCESSOR_DEFINITIONS = ("'CMAKE_INTDIR=\"$(CONFIGURATION)$(EFFECTIVE_PLATFORM_NAME)\"'","$(inherited)");
				GCC_SYMBOLS_PRIVATE_EXTERN = NO;
				INSTALL_PATH = "";
				ONLY_ACTIVE_ARCH = NO;
				OTHER_LDFLAGS = ("","$(inherited)");
				OTHER_REZFLAGS = "";
				PRODUCT_NAME = install;
				SECTORDER_FLAGS = "";
				USE_HEADERMAP = NO;
				WARNING_CFLAGS = ("$(inherited)");
			};
			name = RelWithDebInfo;
		};
		4F06DD519987449F95013D80 /* Release */ = {
			isa = XCBuildConfiguration;
			buildSettings = {
				ARCHS = arm64;
				SDKROOT = /Applications/Xcode.app/Contents/Developer/Platforms/MacOSX.platform/Developer/SDKs/MacOSX13.3.sdk;
				SWIFT_COMPILATION_MODE = wholemodule;
				SYMROOT = /Users/sakura/Desktop/cmakeprojects/alg2/buildm1xcode/build;
			};
			name = Release;
		};
		52BFDB1BA586496D8ABE2122 /* Debug */ = {
			isa = XCBuildConfiguration;
			buildSettings = {
				ALWAYS_SEARCH_USER_PATHS = NO;
				ARCHS = arm64;
				COMBINE_HIDPI_IMAGES = YES;
				GCC_GENERATE_DEBUGGING_SYMBOLS = YES;
				GCC_INLINES_ARE_PRIVATE_EXTERN = NO;
				GCC_OPTIMIZATION_LEVEL = 0;
				GCC_PREPROCESSOR_DEFINITIONS = ("'CMAKE_INTDIR=\"$(CONFIGURATION)$(EFFECTIVE_PLATFORM_NAME)\"'","$(inherited)");
				GCC_SYMBOLS_PRIVATE_EXTERN = NO;
				INSTALL_PATH = "";
				ONLY_ACTIVE_ARCH = NO;
				OTHER_LDFLAGS = ("","$(inherited)");
				OTHER_REZFLAGS = "";
				PRODUCT_NAME = alg2;
				SECTORDER_FLAGS = "";
				USE_HEADERMAP = NO;
				WARNING_CFLAGS = ("$(inherited)");
			};
			name = Debug;
		};
		5DCAC5F6B665493490D2C45A /* MinSizeRel */ = {
			isa = XCBuildConfiguration;
			buildSettings = {
				ALWAYS_SEARCH_USER_PATHS = NO;
				ARCHS = arm64;
				COMBINE_HIDPI_IMAGES = YES;
				GCC_GENERATE_DEBUGGING_SYMBOLS = YES;
				GCC_INLINES_ARE_PRIVATE_EXTERN = NO;
				GCC_OPTIMIZATION_LEVEL = 0;
				GCC_PREPROCESSOR_DEFINITIONS = ("'CMAKE_INTDIR=\"$(CONFIGURATION)$(EFFECTIVE_PLATFORM_NAME)\"'","$(inherited)");
				GCC_SYMBOLS_PRIVATE_EXTERN = NO;
				INSTALL_PATH = "";
				ONLY_ACTIVE_ARCH = NO;
				OTHER_LDFLAGS = ("","$(inherited)");
				OTHER_REZFLAGS = "";
				PRODUCT_NAME = ALL_BUILD;
				SECTORDER_FLAGS = "";
				USE_HEADERMAP = NO;
				WARNING_CFLAGS = ("$(inherited)");
			};
			name = MinSizeRel;
		};
		6FF506A62E4A4C1AA5F56331 /* MinSizeRel */ = {
			isa = XCBuildConfiguration;
			buildSettings = {
				ALWAYS_SEARCH_USER_PATHS = NO;
				ARCHS = arm64;
				COMBINE_HIDPI_IMAGES = YES;
				CONFIGURATION_BUILD_DIR = /Users/sakura/Desktop/cmakeprojects/alg2/buildm1xcode/examples/MinSizeRel;
				EXECUTABLE_PREFIX = "";
				EXECUTABLE_SUFFIX = "";
				GCC_GENERATE_DEBUGGING_SYMBOLS = NO;
				GCC_INLINES_ARE_PRIVATE_EXTERN = NO;
				GCC_OPTIMIZATION_LEVEL = s;
				GCC_PREPROCESSOR_DEFINITIONS = ("'CMAKE_INTDIR=\"$(CONFIGURATION)$(EFFECTIVE_PLATFORM_NAME)\"'","$(inherited)");
				GCC_SYMBOLS_PRIVATE_EXTERN = NO;
				HEADER_SEARCH_PATHS = (/Users/sakura/Desktop/cmakeprojects/alg2/hdr,"$(inherited)");
				INSTALL_PATH = "";
				ONLY_ACTIVE_ARCH = NO;
				OTHER_CPLUSPLUSFLAGS = "    -DNDEBUG '-std=gnu++17' ";
				OTHER_LDFLAGS = (" -Wl,-search_paths_first -Wl,-headerpad_max_install_names","$(inherited)");
				OTHER_REZFLAGS = "";
				PRODUCT_NAME = experimental;
				SECTORDER_FLAGS = "";
				TARGET_TEMP_DIR = "/Users/sakura/Desktop/cmakeprojects/alg2/buildm1xcode/build/experimental.build/$(CONFIGURATION)$(EFFECTIVE_PLATFORM_NAME)";
				USE_HEADERMAP = NO;
				WARNING_CFLAGS = ("$(inherited)");
			};
			name = MinSizeRel;
		};
		72CDD2F9482A41D3B2418650 /* RelWithDebInfo */ = {
			isa = XCBuildConfiguration;
			buildSettings = {
				ARCHS = arm64;
				SDKROOT = /Applications/Xcode.app/Contents/Developer/Platforms/MacOSX.platform/Developer/SDKs/MacOSX13.3.sdk;
				SWIFT_COMPILATION_MODE = wholemodule;
				SYMROOT = /Users/sakura/Desktop/cmakeprojects/alg2/buildm1xcode/build;
			};
			name = RelWithDebInfo;
		};
		7C599C2DC441402985594A3F /* Release */ = {
			isa = XCBuildConfiguration;
			buildSettings = {
				ALWAYS_SEARCH_USER_PATHS = NO;
				ARCHS = arm64;
				COMBINE_HIDPI_IMAGES = YES;
				GCC_GENERATE_DEBUGGING_SYMBOLS = YES;
				GCC_INLINES_ARE_PRIVATE_EXTERN = NO;
				GCC_OPTIMIZATION_LEVEL = 0;
				GCC_PREPROCESSOR_DEFINITIONS = ("'CMAKE_INTDIR=\"$(CONFIGURATION)$(EFFECTIVE_PLATFORM_NAME)\"'","$(inherited)");
				GCC_SYMBOLS_PRIVATE_EXTERN = NO;
				INSTALL_PATH = "";
				ONLY_ACTIVE_ARCH = NO;
				OTHER_LDFLAGS = ("","$(inherited)");
				OTHER_REZFLAGS = "";
				PRODUCT_NAME = ALL_BUILD;
				SECTORDER_FLAGS = "";
				USE_HEADERMAP = NO;
				WARNING_CFLAGS = ("$(inherited)");
			};
			name = Release;
		};
		8F0D7D119BDD4E19B13F2749 /* RelWithDebInfo */ = {
			isa = XCBuildConfiguration;
			buildSettings = {
				ALWAYS_SEARCH_USER_PATHS = NO;
				ARCHS = arm64;
				COMBINE_HIDPI_IMAGES = YES;
				GCC_GENERATE_DEBUGGING_SYMBOLS = YES;
				GCC_INLINES_ARE_PRIVATE_EXTERN = NO;
				GCC_OPTIMIZATION_LEVEL = 0;
				GCC_PREPROCESSOR_DEFINITIONS = ("'CMAKE_INTDIR=\"$(CONFIGURATION)$(EFFECTIVE_PLATFORM_NAME)\"'","$(inherited)");
				GCC_SYMBOLS_PRIVATE_EXTERN = NO;
				INSTALL_PATH = "";
				ONLY_ACTIVE_ARCH = NO;
				OTHER_LDFLAGS = ("","$(inherited)");
				OTHER_REZFLAGS = "";
				PRODUCT_NAME = ZERO_CHECK;
				SECTORDER_FLAGS = "";
				USE_HEADERMAP = NO;
				WARNING_CFLAGS = ("$(inherited)");
			};
			name = RelWithDebInfo;
		};
		9A737D55908C468DB005AE80 /* RelWithDebInfo */ = {
			isa = XCBuildConfiguration;
			buildSettings = {
				ALWAYS_SEARCH_USER_PATHS = NO;
				ARCHS = arm64;
				COMBINE_HIDPI_IMAGES = YES;
				CONFIGURATION_BUILD_DIR = /Users/sakura/Desktop/cmakeprojects/alg2/buildm1xcode/examples/RelWithDebInfo;
				EXECUTABLE_PREFIX = "";
				EXECUTABLE_SUFFIX = "";
				GCC_GENERATE_DEBUGGING_SYMBOLS = YES;
				GCC_INLINES_ARE_PRIVATE_EXTERN = NO;
				GCC_OPTIMIZATION_LEVEL = 2;
				GCC_PREPROCESSOR_DEFINITIONS = ("'CMAKE_INTDIR=\"$(CONFIGURATION)$(EFFECTIVE_PLATFORM_NAME)\"'","$(inherited)");
				GCC_SYMBOLS_PRIVATE_EXTERN = NO;
				HEADER_SEARCH_PATHS = (/Users/sakura/Desktop/cmakeprojects/alg2/hdr,"$(inherited)");
				INSTALL_PATH = "";
				ONLY_ACTIVE_ARCH = NO;
				OTHER_CPLUSPLUSFLAGS = "       -DNDEBUG '-std=gnu++17' ";
				OTHER_LDFLAGS = (" -Wl,-search_paths_first -Wl,-headerpad_max_install_names","$(inherited)");
				OTHER_REZFLAGS = "";
				PRODUCT_NAME = experimental;
				SECTORDER_FLAGS = "";
				TARGET_TEMP_DIR = "/Users/sakura/Desktop/cmakeprojects/alg2/buildm1xcode/build/experimental.build/$(CONFIGURATION)$(EFFECTIVE_PLATFORM_NAME)";
				USE_HEADERMAP = NO;
				WARNING_CFLAGS = ("$(inherited)");
			};
			name = RelWithDebInfo;
		};
		9D7928981FBA46FAB90B6BDB /* Debug */ = {
			isa = XCBuildConfiguration;
			buildSettings = {
				ARCHS = arm64;
				SDKROOT = /Applications/Xcode.app/Contents/Developer/Platforms/MacOSX.platform/Developer/SDKs/MacOSX13.3.sdk;
				SYMROOT = /Users/sakura/Desktop/cmakeprojects/alg2/buildm1xcode/build;
			};
			name = Debug;
		};
		A796EABD478745D58AF0367D /* Release */ = {
			isa = XCBuildConfiguration;
			buildSettings = {
				ALWAYS_SEARCH_USER_PATHS = NO;
				ARCHS = arm64;
				COMBINE_HIDPI_IMAGES = YES;
				CONFIGURATION_BUILD_DIR = /Users/sakura/Desktop/cmakeprojects/alg2/buildm1xcode/examples/Release;
				EXECUTABLE_PREFIX = "";
				EXECUTABLE_SUFFIX = "";
				GCC_GENERATE_DEBUGGING_SYMBOLS = NO;
				GCC_INLINES_ARE_PRIVATE_EXTERN = NO;
				GCC_OPTIMIZATION_LEVEL = 3;
				GCC_PREPROCESSOR_DEFINITIONS = ("'CMAKE_INTDIR=\"$(CONFIGURATION)$(EFFECTIVE_PLATFORM_NAME)\"'","$(inherited)");
				GCC_SYMBOLS_PRIVATE_EXTERN = NO;
				HEADER_SEARCH_PATHS = (/Users/sakura/Desktop/cmakeprojects/alg2/hdr,"$(inherited)");
				INSTALL_PATH = "";
				ONLY_ACTIVE_ARCH = NO;
				OTHER_CPLUSPLUSFLAGS = "    -DNDEBUG '-std=gnu++17' ";
				OTHER_LDFLAGS = (" -Wl,-search_paths_first -Wl,-headerpad_max_install_names","$(inherited)");
				OTHER_REZFLAGS = "";
				PRODUCT_NAME = algebra;
				SECTORDER_FLAGS = "";
				TARGET_TEMP_DIR = "/Users/sakura/Desktop/cmakeprojects/alg2/buildm1xcode/build/algebra.build/$(CONFIGURATION)$(EFFECTIVE_PLATFORM_NAME)";
				USE_HEADERMAP = NO;
				WARNING_CFLAGS = ("$(inherited)");
			};
			name = Release;
		};
		B5EC1591186F4709A826206C /* RelWithDebInfo */ = {
			isa = XCBuildConfiguration;
			buildSettings = {
				ALWAYS_SEARCH_USER_PATHS = NO;
				ARCHS = arm64;
				COMBINE_HIDPI_IMAGES = YES;
				CONFIGURATION_BUILD_DIR = /Users/sakura/Desktop/cmakeprojects/alg2/buildm1xcode/examples/RelWithDebInfo;
				EXECUTABLE_PREFIX = "";
				EXECUTABLE_SUFFIX = "";
				GCC_GENERATE_DEBUGGING_SYMBOLS = YES;
				GCC_INLINES_ARE_PRIVATE_EXTERN = NO;
				GCC_OPTIMIZATION_LEVEL = 2;
				GCC_PREPROCESSOR_DEFINITIONS = ("'CMAKE_INTDIR=\"$(CONFIGURATION)$(EFFECTIVE_PLATFORM_NAME)\"'","$(inherited)");
				GCC_SYMBOLS_PRIVATE_EXTERN = NO;
				HEADER_SEARCH_PATHS = (/Users/sakura/Desktop/cmakeprojects/alg2/hdr,"$(inherited)");
				INSTALL_PATH = "";
				ONLY_ACTIVE_ARCH = NO;
				OTHER_CPLUSPLUSFLAGS = "       -DNDEBUG '-std=gnu++17' ";
				OTHER_LDFLAGS = (" -Wl,-search_paths_first -Wl,-headerpad_max_install_names","$(inherited)");
				OTHER_REZFLAGS = "";
				PRODUCT_NAME = algebra;
				SECTORDER_FLAGS = "";
				TARGET_TEMP_DIR = "/Users/sakura/Desktop/cmakeprojects/alg2/buildm1xcode/build/algebra.build/$(CONFIGURATION)$(EFFECTIVE_PLATFORM_NAME)";
				USE_HEADERMAP = NO;
				WARNING_CFLAGS = ("$(inherited)");
			};
			name = RelWithDebInfo;
		};
		C9CECE0C1F3848D0B235CBD8 /* MinSizeRel */ = {
			isa = XCBuildConfiguration;
			buildSettings = {
				ALWAYS_SEARCH_USER_PATHS = NO;
				ARCHS = arm64;
				COMBINE_HIDPI_IMAGES = YES;
				GCC_GENERATE_DEBUGGING_SYMBOLS = YES;
				GCC_INLINES_ARE_PRIVATE_EXTERN = NO;
				GCC_OPTIMIZATION_LEVEL = 0;
				GCC_PREPROCESSOR_DEFINITIONS = ("'CMAKE_INTDIR=\"$(CONFIGURATION)$(EFFECTIVE_PLATFORM_NAME)\"'","$(inherited)");
				GCC_SYMBOLS_PRIVATE_EXTERN = NO;
				INSTALL_PATH = "";
				ONLY_ACTIVE_ARCH = NO;
				OTHER_LDFLAGS = ("","$(inherited)");
				OTHER_REZFLAGS = "";
				PRODUCT_NAME = ZERO_CHECK;
				SECTORDER_FLAGS = "";
				USE_HEADERMAP = NO;
				WARNING_CFLAGS = ("$(inherited)");
			};
			name = MinSizeRel;
		};
		CC5C28EA7D8643DAB42857C3 /* MinSizeRel */ = {
			isa = XCBuildConfiguration;
			buildSettings = {
				ALWAYS_SEARCH_USER_PATHS = NO;
				ARCHS = arm64;
				COMBINE_HIDPI_IMAGES = YES;
				CONFIGURATION_BUILD_DIR = /Users/sakura/Desktop/cmakeprojects/alg2/buildm1xcode/examples/MinSizeRel;
				EXECUTABLE_PREFIX = "";
				EXECUTABLE_SUFFIX = "";
				GCC_GENERATE_DEBUGGING_SYMBOLS = NO;
				GCC_INLINES_ARE_PRIVATE_EXTERN = NO;
				GCC_OPTIMIZATION_LEVEL = s;
				GCC_PREPROCESSOR_DEFINITIONS = ("'CMAKE_INTDIR=\"$(CONFIGURATION)$(EFFECTIVE_PLATFORM_NAME)\"'","$(inherited)");
				GCC_SYMBOLS_PRIVATE_EXTERN = NO;
				HEADER_SEARCH_PATHS = (/Users/sakura/Desktop/cmakeprojects/alg2/hdr,"$(inherited)");
				INSTALL_PATH = "";
				ONLY_ACTIVE_ARCH = NO;
				OTHER_CPLUSPLUSFLAGS = "    -DNDEBUG '-std=gnu++17' ";
				OTHER_LDFLAGS = (" -Wl,-search_paths_first -Wl,-headerpad_max_install_names","$(inherited)");
				OTHER_REZFLAGS = "";
				PRODUCT_NAME = hypercomplex_number;
				SECTORDER_FLAGS = "";
				TARGET_TEMP_DIR = "/Users/sakura/Desktop/cmakeprojects/alg2/buildm1xcode/build/hypercomplex_number.build/$(CONFIGURATION)$(EFFECTIVE_PLATFORM_NAME)";
				USE_HEADERMAP = NO;
				WARNING_CFLAGS = ("$(inherited)");
			};
			name = MinSizeRel;
		};
		D044CEB6C9404F2EA41A0E52 /* Release */ = {
			isa = XCBuildConfiguration;
			buildSettings = {
				ALWAYS_SEARCH_USER_PATHS = NO;
				ARCHS = arm64;
				COMBINE_HIDPI_IMAGES = YES;
				GCC_GENERATE_DEBUGGING_SYMBOLS = YES;
				GCC_INLINES_ARE_PRIVATE_EXTERN = NO;
				GCC_OPTIMIZATION_LEVEL = 0;
				GCC_PREPROCESSOR_DEFINITIONS = ("'CMAKE_INTDIR=\"$(CONFIGURATION)$(EFFECTIVE_PLATFORM_NAME)\"'","$(inherited)");
				GCC_SYMBOLS_PRIVATE_EXTERN = NO;
				INSTALL_PATH = "";
				ONLY_ACTIVE_ARCH = NO;
				OTHER_LDFLAGS = ("","$(inherited)");
				OTHER_REZFLAGS = "";
				PRODUCT_NAME = ZERO_CHECK;
				SECTORDER_FLAGS = "";
				USE_HEADERMAP = NO;
				WARNING_CFLAGS = ("$(inherited)");
			};
			name = Release;
		};
		D1F8529F210B44DE95E96EDB /* RelWithDebInfo */ = {
			isa = XCBuildConfiguration;
			buildSettings = {
				ALWAYS_SEARCH_USER_PATHS = NO;
				ARCHS = arm64;
				COMBINE_HIDPI_IMAGES = YES;
				CONFIGURATION_BUILD_DIR = /Users/sakura/Desktop/cmakeprojects/alg2/buildm1xcode/examples/RelWithDebInfo;
				EXECUTABLE_PREFIX = "";
				EXECUTABLE_SUFFIX = "";
				GCC_GENERATE_DEBUGGING_SYMBOLS = YES;
				GCC_INLINES_ARE_PRIVATE_EXTERN = NO;
				GCC_OPTIMIZATION_LEVEL = 2;
				GCC_PREPROCESSOR_DEFINITIONS = ("'CMAKE_INTDIR=\"$(CONFIGURATION)$(EFFECTIVE_PLATFORM_NAME)\"'","$(inherited)");
				GCC_SYMBOLS_PRIVATE_EXTERN = NO;
				HEADER_SEARCH_PATHS = (/Users/sakura/Desktop/cmakeprojects/alg2/hdr,"$(inherited)");
				INSTALL_PATH = "";
				ONLY_ACTIVE_ARCH = NO;
				OTHER_CPLUSPLUSFLAGS = "       -DNDEBUG '-std=gnu++17' ";
				OTHER_LDFLAGS = (" -Wl,-search_paths_first -Wl,-headerpad_max_install_names","$(inherited)");
				OTHER_REZFLAGS = "";
				PRODUCT_NAME = hypercomplex_number;
				SECTORDER_FLAGS = "";
				TARGET_TEMP_DIR = "/Users/sakura/Desktop/cmakeprojects/alg2/buildm1xcode/build/hypercomplex_number.build/$(CONFIGURATION)$(EFFECTIVE_PLATFORM_NAME)";
				USE_HEADERMAP = NO;
				WARNING_CFLAGS = ("$(inherited)");
			};
			name = RelWithDebInfo;
		};
		D7BFDEA9C44F47A8910EEBCB /* Debug */ = {
			isa = XCBuildConfiguration;
			buildSettings = {
				ALWAYS_SEARCH_USER_PATHS = NO;
				ARCHS = arm64;
				COMBINE_HIDPI_IMAGES = YES;
				CONFIGURATION_BUILD_DIR = /Users/sakura/Desktop/cmakeprojects/alg2/buildm1xcode/examples/Debug;
				EXECUTABLE_PREFIX = "";
				EXECUTABLE_SUFFIX = "";
				GCC_GENERATE_DEBUGGING_SYMBOLS = YES;
				GCC_INLINES_ARE_PRIVATE_EXTERN = NO;
				GCC_OPTIMIZATION_LEVEL = 0;
				GCC_PREPROCESSOR_DEFINITIONS = ("'CMAKE_INTDIR=\"$(CONFIGURATION)$(EFFECTIVE_PLATFORM_NAME)\"'","$(inherited)");
				GCC_SYMBOLS_PRIVATE_EXTERN = NO;
				HEADER_SEARCH_PATHS = (/Users/sakura/Desktop/cmakeprojects/alg2/hdr,"$(inherited)");
				INSTALL_PATH = "";
				ONLY_ACTIVE_ARCH = NO;
				OTHER_CPLUSPLUSFLAGS = "   '-std=gnu++17' ";
				OTHER_LDFLAGS = (" -Wl,-search_paths_first -Wl,-headerpad_max_install_names","$(inherited)");
				OTHER_REZFLAGS = "";
				PRODUCT_NAME = hypercomplex_number;
				SECTORDER_FLAGS = "";
				TARGET_TEMP_DIR = "/Users/sakura/Desktop/cmakeprojects/alg2/buildm1xcode/build/hypercomplex_number.build/$(CONFIGURATION)$(EFFECTIVE_PLATFORM_NAME)";
				USE_HEADERMAP = NO;
				WARNING_CFLAGS = ("$(inherited)");
			};
			name = Debug;
		};
		DA3C2330ED214216B8BEF842 /* RelWithDebInfo */ = {
			isa = XCBuildConfiguration;
			buildSettings = {
				ALWAYS_SEARCH_USER_PATHS = NO;
				ARCHS = arm64;
				COMBINE_HIDPI_IMAGES = YES;
				GCC_GENERATE_DEBUGGING_SYMBOLS = YES;
				GCC_INLINES_ARE_PRIVATE_EXTERN = NO;
				GCC_OPTIMIZATION_LEVEL = 0;
				GCC_PREPROCESSOR_DEFINITIONS = ("'CMAKE_INTDIR=\"$(CONFIGURATION)$(EFFECTIVE_PLATFORM_NAME)\"'","$(inherited)");
				GCC_SYMBOLS_PRIVATE_EXTERN = NO;
				INSTALL_PATH = "";
				ONLY_ACTIVE_ARCH = NO;
				OTHER_LDFLAGS = ("","$(inherited)");
				OTHER_REZFLAGS = "";
				PRODUCT_NAME = ALL_BUILD;
				SECTORDER_FLAGS = "";
				USE_HEADERMAP = NO;
				WARNING_CFLAGS = ("$(inherited)");
			};
			name = RelWithDebInfo;
		};
		E6C4CB4E9BCC4ED6ABD9AD4F /* Debug */ = {
			isa = XCBuildConfiguration;
			buildSettings = {
				ALWAYS_SEARCH_USER_PATHS = NO;
				ARCHS = arm64;
				COMBINE_HIDPI_IMAGES = YES;
				GCC_GENERATE_DEBUGGING_SYMBOLS = YES;
				GCC_INLINES_ARE_PRIVATE_EXTERN = NO;
				GCC_OPTIMIZATION_LEVEL = 0;
				GCC_PREPROCESSOR_DEFINITIONS = ("'CMAKE_INTDIR=\"$(CONFIGURATION)$(EFFECTIVE_PLATFORM_NAME)\"'","$(inherited)");
				GCC_SYMBOLS_PRIVATE_EXTERN = NO;
				INSTALL_PATH = "";
				ONLY_ACTIVE_ARCH = NO;
				OTHER_LDFLAGS = ("","$(inherited)");
				OTHER_REZFLAGS = "";
				PRODUCT_NAME = ZERO_CHECK;
				SECTORDER_FLAGS = "";
				USE_HEADERMAP = NO;
				WARNING_CFLAGS = ("$(inherited)");
			};
			name = Debug;
		};
		F1BEBCEAAD394BB1BED044C4 /* Debug */ = {
			isa = XCBuildConfiguration;
			buildSettings = {
				ALWAYS_SEARCH_USER_PATHS = NO;
				ARCHS = arm64;
				COMBINE_HIDPI_IMAGES = YES;
				CONFIGURATION_BUILD_DIR = /Users/sakura/Desktop/cmakeprojects/alg2/buildm1xcode/examples/Debug;
				EXECUTABLE_PREFIX = "";
				EXECUTABLE_SUFFIX = "";
				GCC_GENERATE_DEBUGGING_SYMBOLS = YES;
				GCC_INLINES_ARE_PRIVATE_EXTERN = NO;
				GCC_OPTIMIZATION_LEVEL = 0;
				GCC_PREPROCESSOR_DEFINITIONS = ("'CMAKE_INTDIR=\"$(CONFIGURATION)$(EFFECTIVE_PLATFORM_NAME)\"'","$(inherited)");
				GCC_SYMBOLS_PRIVATE_EXTERN = NO;
				HEADER_SEARCH_PATHS = (/Users/sakura/Desktop/cmakeprojects/alg2/hdr,"$(inherited)");
				INSTALL_PATH = "";
				ONLY_ACTIVE_ARCH = NO;
				OTHER_CPLUSPLUSFLAGS = "   '-std=gnu++17' ";
				OTHER_LDFLAGS = (" -Wl,-search_paths_first -Wl,-headerpad_max_install_names","$(inherited)");
				OTHER_REZFLAGS = "";
				PRODUCT_NAME = experimental;
				SECTORDER_FLAGS = "";
				TARGET_TEMP_DIR = "/Users/sakura/Desktop/cmakeprojects/alg2/buildm1xcode/build/experimental.build/$(CONFIGURATION)$(EFFECTIVE_PLATFORM_NAME)";
				USE_HEADERMAP = NO;
				WARNING_CFLAGS = ("$(inherited)");
			};
			name = Debug;
		};
		FB29301317854B0B85D2EA21 /* Release */ = {
			isa = XCBuildConfiguration;
			buildSettings = {
				ALWAYS_SEARCH_USER_PATHS = NO;
				ARCHS = arm64;
				COMBINE_HIDPI_IMAGES = YES;
				GCC_GENERATE_DEBUGGING_SYMBOLS = YES;
				GCC_INLINES_ARE_PRIVATE_EXTERN = NO;
				GCC_OPTIMIZATION_LEVEL = 0;
				GCC_PREPROCESSOR_DEFINITIONS = ("'CMAKE_INTDIR=\"$(CONFIGURATION)$(EFFECTIVE_PLATFORM_NAME)\"'","$(inherited)");
				GCC_SYMBOLS_PRIVATE_EXTERN = NO;
				INSTALL_PATH = "";
				ONLY_ACTIVE_ARCH = NO;
				OTHER_LDFLAGS = ("","$(inherited)");
				OTHER_REZFLAGS = "";
				PRODUCT_NAME = alg2;
				SECTORDER_FLAGS = "";
				USE_HEADERMAP = NO;
				WARNING_CFLAGS = ("$(inherited)");
			};
			name = Release;
		};
		FD23D851BA864B268C342970 /* Debug */ = {
			isa = XCBuildConfiguration;
			buildSettings = {
				ALWAYS_SEARCH_USER_PATHS = NO;
				ARCHS = arm64;
				COMBINE_HIDPI_IMAGES = YES;
				CONFIGURATION_BUILD_DIR = /Users/sakura/Desktop/cmakeprojects/alg2/buildm1xcode/examples/Debug;
				EXECUTABLE_PREFIX = "";
				EXECUTABLE_SUFFIX = "";
				GCC_GENERATE_DEBUGGING_SYMBOLS = YES;
				GCC_INLINES_ARE_PRIVATE_EXTERN = NO;
				GCC_OPTIMIZATION_LEVEL = 0;
				GCC_PREPROCESSOR_DEFINITIONS = ("'CMAKE_INTDIR=\"$(CONFIGURATION)$(EFFECTIVE_PLATFORM_NAME)\"'","$(inherited)");
				GCC_SYMBOLS_PRIVATE_EXTERN = NO;
				HEADER_SEARCH_PATHS = (/Users/sakura/Desktop/cmakeprojects/alg2/hdr,"$(inherited)");
				INSTALL_PATH = "";
				ONLY_ACTIVE_ARCH = NO;
				OTHER_CPLUSPLUSFLAGS = "   '-std=gnu++17' ";
				OTHER_LDFLAGS = (" -Wl,-search_paths_first -Wl,-headerpad_max_install_names","$(inherited)");
				OTHER_REZFLAGS = "";
				PRODUCT_NAME = algebra;
				SECTORDER_FLAGS = "";
				TARGET_TEMP_DIR = "/Users/sakura/Desktop/cmakeprojects/alg2/buildm1xcode/build/algebra.build/$(CONFIGURATION)$(EFFECTIVE_PLATFORM_NAME)";
				USE_HEADERMAP = NO;
				WARNING_CFLAGS = ("$(inherited)");
			};
			name = Debug;
		};
/* End XCBuildConfiguration section */

/* Begin XCConfigurationList section */
		07673F758BF04AEEA1A540EB /* Build configuration list for PBXNativeTarget "experimental" */ = {
			isa = XCConfigurationList;
			buildConfigurations = (
				F1BEBCEAAD394BB1BED044C4 /* Debug */,
				26C6F3606E7F47D6A5267670 /* Release */,
				6FF506A62E4A4C1AA5F56331 /* MinSizeRel */,
				9A737D55908C468DB005AE80 /* RelWithDebInfo */,
			);
			defaultConfigurationIsVisible = 0;
			defaultConfigurationName = Debug;
		};
		2DA1958704154742B93911A5 /* Build configuration list for PBXProject "alg2" */ = {
			isa = XCConfigurationList;
			buildConfigurations = (
				9D7928981FBA46FAB90B6BDB /* Debug */,
				4F06DD519987449F95013D80 /* Release */,
				1E1FD236A4C4422FBD2D3A08 /* MinSizeRel */,
				72CDD2F9482A41D3B2418650 /* RelWithDebInfo */,
			);
			defaultConfigurationIsVisible = 0;
			defaultConfigurationName = Debug;
		};
		34FC29A753384E4F8F1CDDD8 /* Build configuration list for PBXAggregateTarget "ALL_BUILD" */ = {
			isa = XCConfigurationList;
			buildConfigurations = (
				1FD684D14EA74B45A6E86A04 /* Debug */,
				7C599C2DC441402985594A3F /* Release */,
				5DCAC5F6B665493490D2C45A /* MinSizeRel */,
				DA3C2330ED214216B8BEF842 /* RelWithDebInfo */,
			);
			defaultConfigurationIsVisible = 0;
			defaultConfigurationName = Debug;
		};
		3EB2444F8AF24132B77C9774 /* Build configuration list for PBXAggregateTarget "ZERO_CHECK" */ = {
			isa = XCConfigurationList;
			buildConfigurations = (
				E6C4CB4E9BCC4ED6ABD9AD4F /* Debug */,
				D044CEB6C9404F2EA41A0E52 /* Release */,
				C9CECE0C1F3848D0B235CBD8 /* MinSizeRel */,
				8F0D7D119BDD4E19B13F2749 /* RelWithDebInfo */,
			);
			defaultConfigurationIsVisible = 0;
			defaultConfigurationName = Debug;
		};
		7071A6D10DBA450AA40DBBF6 /* Build configuration list for PBXNativeTarget "algebra" */ = {
			isa = XCConfigurationList;
			buildConfigurations = (
				FD23D851BA864B268C342970 /* Debug */,
				A796EABD478745D58AF0367D /* Release */,
				45CC325FC60E4F8AB6FE717B /* MinSizeRel */,
				B5EC1591186F4709A826206C /* RelWithDebInfo */,
			);
			defaultConfigurationIsVisible = 0;
			defaultConfigurationName = Debug;
		};
		BB6A5C329CA744E6AE0F3444 /* Build configuration list for PBXNativeTarget "hypercomplex_number" */ = {
			isa = XCConfigurationList;
			buildConfigurations = (
				D7BFDEA9C44F47A8910EEBCB /* Debug */,
				2824BC1527674E83B68FD847 /* Release */,
				CC5C28EA7D8643DAB42857C3 /* MinSizeRel */,
				D1F8529F210B44DE95E96EDB /* RelWithDebInfo */,
			);
			defaultConfigurationIsVisible = 0;
			defaultConfigurationName = Debug;
		};
		BEC6482AFEEE45948D1D4DA8 /* Build configuration list for PBXAggregateTarget "alg2" */ = {
			isa = XCConfigurationList;
			buildConfigurations = (
				52BFDB1BA586496D8ABE2122 /* Debug */,
				FB29301317854B0B85D2EA21 /* Release */,
				3FC5C912096D42768B156A47 /* MinSizeRel */,
				4C70C58AC73E4B4B87EB5A7A /* RelWithDebInfo */,
			);
			defaultConfigurationIsVisible = 0;
			defaultConfigurationName = Debug;
		};
		F8BFAECB2C4E43CABB461D3C /* Build configuration list for PBXAggregateTarget "install" */ = {
			isa = XCConfigurationList;
			buildConfigurations = (
				11F36824F1DE4AA984109A44 /* Debug */,
				2B4BAD77E1E34FF2B84C2C4F /* Release */,
				3B95713FA1FC4CECA2632815 /* MinSizeRel */,
				4D1C8B3C6D014F959E393D86 /* RelWithDebInfo */,
			);
			defaultConfigurationIsVisible = 0;
			defaultConfigurationName = Debug;
		};
/* End XCConfigurationList section */
	};
	rootObject = F62E63DF057A4415A33B4CBC /* Project object */;
}
